Microsoft Visual Studio Solution File, Format Version 12.00
# Visual Studio Version 17
VisualStudioVersion = 17.0.31903.59
MinimumVisualStudioVersion = 10.0.40219.1
Project("{FAE04EC0-301F-11D3-BF4B-00C04F79EFBC}") = "cicd-dotnet", "cicd-dotnet\cicd-dotnet.csproj", "{4BE5AA42-A637-499D-B497-C60C9885DEC9}"
EndProject
Project("{FAE04EC0-301F-11D3-BF4B-00C04F79EFBC}") = "UnitTests", "tests\UnitTests\UnitTests.csproj", "{8A72A25C-4A67-4B5D-86D6-7498A95F21A8}"
EndProject
Project("{FAE04EC0-301F-11D3-BF4B-00C04F79EFBC}") = "RegressionTests", "tests\RegressionTests\RegressionTests.csproj", "{8B7619AD-61A7-4D9B-8891-F5F0EF0BA5C2}"
EndProject
Global
	GlobalSection(SolutionConfigurationPlatforms) = preSolution
		Debug|Any CPU = Debug|Any CPU
		Release|Any CPU = Release|Any CPU
	EndGlobalSection
	GlobalSection(SolutionProperties) = preSolution
		HideSolutionNode = FALSE
	EndGlobalSection
	GlobalSection(ProjectConfigurationPlatforms) = postSolution
		{4BE5AA42-A637-499D-B497-C60C9885DEC9}.Debug|Any CPU.ActiveCfg = Debug|Any CPU
		{4BE5AA42-A637-499D-B497-C60C9885DEC9}.Debug|Any CPU.Build.0 = Debug|Any CPU
		{4BE5AA42-A637-499D-B497-C60C9885DEC9}.Release|Any CPU.ActiveCfg = Release|Any CPU
		{4BE5AA42-A637-499D-B497-C60C9885DEC9}.Release|Any CPU.Build.0 = Release|Any CPU
		{8A72A25C-4A67-4B5D-86D6-7498A95F21A8}.Debug|Any CPU.ActiveCfg = Debug|Any CPU
		{8A72A25C-4A67-4B5D-86D6-7498A95F21A8}.Debug|Any CPU.Build.0 = Debug|Any CPU
		{8A72A25C-4A67-4B5D-86D6-7498A95F21A8}.Release|Any CPU.ActiveCfg = Release|Any CPU
		{8A72A25C-4A67-4B5D-86D6-7498A95F21A8}.Release|Any CPU.Build.0 = Release|Any CPU
		{8B7619AD-61A7-4D9B-8891-F5F0EF0BA5C2}.Debug|Any CPU.ActiveCfg = Debug|Any CPU
		{8B7619AD-61A7-4D9B-8891-F5F0EF0BA5C2}.Debug|Any CPU.Build.0 = Debug|Any CPU
		{8B7619AD-61A7-4D9B-8891-F5F0EF0BA5C2}.Release|Any CPU.ActiveCfg = Release|Any CPU
		{8B7619AD-61A7-4D9B-8891-F5F0EF0BA5C2}.Release|Any CPU.Build.0 = Release|Any CPU
	EndGlobalSection
EndGlobal
